{
  "version": "5",
  "specifiers": {
    "jsr:@cliffy/ansi@^1.0.0-rc.8": "1.0.0-rc.8",
    "jsr:@cliffy/command@^1.0.0-rc.8": "1.0.0-rc.8",
    "jsr:@cliffy/flags@1.0.0-rc.8": "1.0.0-rc.8",
    "jsr:@cliffy/internal@1.0.0-rc.8": "1.0.0-rc.8",
    "jsr:@cliffy/table@1.0.0-rc.8": "1.0.0-rc.8",
    "jsr:@david/code-block-writer@13": "13.0.3",
    "jsr:@hono/hono@^4.7.10": "4.9.6",
    "jsr:@logtape/file@*": "1.0.4",
    "jsr:@logtape/file@^1.0.4": "1.0.4",
    "jsr:@logtape/logtape@*": "1.0.4",
    "jsr:@logtape/logtape@^1.0.4": "1.0.4",
    "jsr:@std/assert@^1.0.14": "1.0.14",
    "jsr:@std/bytes@*": "1.0.6",
    "jsr:@std/bytes@^1.0.2": "1.0.6",
    "jsr:@std/bytes@^1.0.5": "1.0.6",
    "jsr:@std/bytes@^1.0.6": "1.0.6",
    "jsr:@std/cbor@~0.1.8": "0.1.8",
    "jsr:@std/crypto@*": "1.0.5",
    "jsr:@std/encoding@^1.0.10": "1.0.10",
    "jsr:@std/encoding@~1.0.5": "1.0.10",
    "jsr:@std/fmt@~1.0.2": "1.0.8",
    "jsr:@std/fs@1": "1.0.19",
    "jsr:@std/fs@^1.0.19": "1.0.19",
    "jsr:@std/internal@^1.0.10": "1.0.10",
    "jsr:@std/internal@^1.0.9": "1.0.10",
    "jsr:@std/io@*": "0.224.9",
    "jsr:@std/io@~0.224.9": "0.224.9",
    "jsr:@std/path@1": "1.1.2",
    "jsr:@std/path@^1.1.1": "1.1.2",
    "jsr:@std/path@^1.1.2": "1.1.2",
    "jsr:@std/streams@^1.0.12": "1.0.12",
    "jsr:@std/streams@^1.0.9": "1.0.12",
    "jsr:@std/text@~1.0.7": "1.0.16",
    "jsr:@ts-morph/common@0.27": "0.27.0",
    "jsr:@ts-morph/ts-morph@26": "26.0.0",
    "jsr:@zod/zod@^4.0.17": "4.1.5",
    "jsr:@zod/zod@^4.1.5": "4.1.5",
    "npm:@atproto/crypto@~0.4.4": "0.4.4",
    "npm:@atproto/lexicon@~0.4.11": "0.4.14",
    "npm:@atproto/lexicon@~0.4.14": "0.4.14",
    "npm:@atproto/syntax@~0.4.1": "0.4.1",
    "npm:@atproto/xrpc@0.7": "0.7.4",
    "npm:@ipld/dag-cbor@^9.2.5": "9.2.5",
    "npm:@types/node@*": "24.2.0",
    "npm:cbor-x@*": "1.6.0",
    "npm:jose@*": "6.1.0",
    "npm:multiformats@^13.3.6": "13.4.0",
    "npm:multiformats@^13.4.0": "13.4.0",
    "npm:rate-limiter-flexible@^2.4.1": "2.4.2",
    "npm:uint8arrays@3.0.0": "3.0.0",
    "npm:ws@^8.12.0": "8.18.3"
  },
  "jsr": {
    "@cliffy/ansi@1.0.0-rc.8": {
      "integrity": "ba37f10ce55bbfbdd8ddd987f91f029b17bce88385b98ba3058870f3b007b80c",
      "dependencies": [
        "jsr:@cliffy/internal",
        "jsr:@std/encoding@~1.0.5",
        "jsr:@std/fmt",
        "jsr:@std/io@~0.224.9"
      ]
    },
    "@cliffy/command@1.0.0-rc.8": {
      "integrity": "758147790797c74a707e5294cc7285df665422a13d2a483437092ffce40b5557",
      "dependencies": [
        "jsr:@cliffy/flags",
        "jsr:@cliffy/internal",
        "jsr:@cliffy/table",
        "jsr:@std/fmt",
        "jsr:@std/text"
      ]
    },
    "@cliffy/flags@1.0.0-rc.8": {
      "integrity": "0f1043ce6ef037ba1cb5fe6b1bcecb25dc2f29371a1c17f278ab0f45e4b6f46c",
      "dependencies": [
        "jsr:@std/text"
      ]
    },
    "@cliffy/internal@1.0.0-rc.8": {
      "integrity": "34cdf2fad9b084b5aed493b138d573f52d4e988767215f7460daf0b918ff43d8"
    },
    "@cliffy/table@1.0.0-rc.8": {
      "integrity": "8bbcdc2ba5e0061b4b13810a24e6f5c6ab19c09f0cce9eb691ccd76c7c6c9db5",
      "dependencies": [
        "jsr:@std/fmt"
      ]
    },
    "@david/code-block-writer@13.0.3": {
      "integrity": "f98c77d320f5957899a61bfb7a9bead7c6d83ad1515daee92dbacc861e13bb7f"
    },
    "@hono/hono@4.9.6": {
      "integrity": "b85abb0013d167a290b1808d1d4d542dee269df31d4f47122023259fdd7e184b"
    },
    "@logtape/file@1.0.4": {
      "integrity": "80f49feb4826fa748ae3ebd1eaf2fa7f23f1820c84d5402a1f7de76f529464e4",
      "dependencies": [
        "jsr:@logtape/logtape@^1.0.4"
      ]
    },
    "@logtape/logtape@1.0.4": {
      "integrity": "6ada87764d995b1033c352a17fd9e20b217f3672083bc2d8debe356eac03fe10"
    },
    "@std/assert@1.0.14": {
      "integrity": "68d0d4a43b365abc927f45a9b85c639ea18a9fab96ad92281e493e4ed84abaa4",
      "dependencies": [
        "jsr:@std/internal@^1.0.10"
      ]
    },
    "@std/bytes@1.0.6": {
      "integrity": "f6ac6adbd8ccd99314045f5703e23af0a68d7f7e58364b47d2c7f408aeb5820a"
    },
    "@std/cbor@0.1.8": {
      "integrity": "a0d1c520f8963358cc96defd8cbd1f9e81e40adc2bbfb301f122150f2024d93e",
      "dependencies": [
        "jsr:@std/bytes@^1.0.5",
        "jsr:@std/streams@^1.0.9"
      ]
    },
    "@std/crypto@1.0.5": {
      "integrity": "0dcfbb319fe0bba1bd3af904ceb4f948cde1b92979ec1614528380ed308a3b40"
    },
    "@std/encoding@1.0.10": {
      "integrity": "8783c6384a2d13abd5e9e87a7ae0520a30e9f56aeeaa3bdf910a3eaaf5c811a1"
    },
    "@std/fmt@1.0.8": {
      "integrity": "71e1fc498787e4434d213647a6e43e794af4fd393ef8f52062246e06f7e372b7"
    },
    "@std/fs@1.0.19": {
      "integrity": "051968c2b1eae4d2ea9f79a08a3845740ef6af10356aff43d3e2ef11ed09fb06",
      "dependencies": [
        "jsr:@std/internal@^1.0.9",
        "jsr:@std/path@^1.1.1"
      ]
    },
    "@std/internal@1.0.10": {
      "integrity": "e3be62ce42cab0e177c27698e5d9800122f67b766a0bea6ca4867886cbde8cf7"
    },
    "@std/io@0.224.9": {
      "integrity": "4414664b6926f665102e73c969cfda06d2c4c59bd5d0c603fd4f1b1c840d6ee3",
      "dependencies": [
        "jsr:@std/bytes@^1.0.2"
      ]
    },
    "@std/path@1.1.2": {
      "integrity": "c0b13b97dfe06546d5e16bf3966b1cadf92e1cc83e56ba5476ad8b498d9e3038",
      "dependencies": [
        "jsr:@std/internal@^1.0.10"
      ]
    },
    "@std/streams@1.0.10": {
      "integrity": "75c0b1431873cd0d8b3d679015220204d36d3c7420d93b60acfc379eb0dc30af"
    },
    "@std/streams@1.0.12": {
      "integrity": "ae925fa1dc459b1abf5cbaa28cc5c7b0485853af3b2a384b0dc22d86e59dfbf4",
      "dependencies": [
        "jsr:@std/bytes@^1.0.6"
      ]
    },
    "@std/text@1.0.16": {
      "integrity": "ddb9853b75119a2473857d691cf1ec02ad90793a2e8b4a4ac49d7354281a0cf8"
    },
    "@ts-morph/common@0.27.0": {
      "integrity": "c7b73592d78ce8479b356fd4f3d6ec3c460d77753a8680ff196effea7a939052",
      "dependencies": [
        "jsr:@std/fs@1",
        "jsr:@std/path@1"
      ]
    },
    "@ts-morph/ts-morph@26.0.0": {
      "integrity": "f2b1ca67b4d1a6332d00c00dd48496b20879c899a702c1b92bcce1c552a168df",
      "dependencies": [
        "jsr:@david/code-block-writer",
        "jsr:@ts-morph/common"
      ]
    },
    "@zod/zod@4.1.5": {
      "integrity": "e995ca7d588a835ce333de626c940e242c55b6763c5190e8cbb9fefb7d0fb4ef"
    }
  },
  "npm": {
    "@atproto/common-web@0.4.2": {
      "integrity": "sha512-vrXwGNoFGogodjQvJDxAeP3QbGtawgZute2ed1XdRO0wMixLk3qewtikZm06H259QDJVu6voKC5mubml+WgQUw==",
      "dependencies": [
        "graphemer",
        "multiformats@9.9.0",
        "uint8arrays",
        "zod"
      ]
    },
    "@atproto/crypto@0.4.4": {
      "integrity": "sha512-Yq9+crJ7WQl7sxStVpHgie5Z51R05etaK9DLWYG/7bR5T4bhdcIgF6IfklLShtZwLYdVVj+K15s0BqW9a8PSDA==",
      "dependencies": [
        "@noble/curves",
        "@noble/hashes",
        "uint8arrays"
      ]
    },
    "@atproto/lexicon@0.4.14": {
      "integrity": "sha512-jiKpmH1QER3Gvc7JVY5brwrfo+etFoe57tKPQX/SmPwjvUsFnJAow5xLIryuBaJgFAhnTZViXKs41t//pahGHQ==",
      "dependencies": [
        "@atproto/common-web",
        "@atproto/syntax",
        "iso-datestring-validator",
        "multiformats@9.9.0",
        "zod"
      ]
    },
    "@atproto/lexicon@0.5.0": {
      "integrity": "sha512-3aAzEAy9EAPs3CxznzMhEcqDd7m3vz1eze/ya9/ThbB7yleqJIhz5GY2q76tCCwHPhn5qDDMhlA9kKV6fG23gA==",
      "dependencies": [
        "@atproto/common-web",
        "@atproto/syntax",
        "iso-datestring-validator",
        "multiformats@9.9.0",
        "zod"
      ]
    },
    "@atproto/syntax@0.4.1": {
      "integrity": "sha512-CJdImtLAiFO+0z3BWTtxwk6aY5w4t8orHTMVJgkf++QRJWTxPbIFko/0hrkADB7n2EruDxDSeAgfUGehpH6ngw=="
    },
    "@atproto/xrpc@0.7.4": {
      "integrity": "sha512-sDi68+QE1XHegTaNAndlX41Gp827pouSzSs8CyAwhrqZdsJUxE3P7TMtrA0z+zAjvxVyvzscRc0TsN/fGUGrhw==",
      "dependencies": [
        "@atproto/lexicon@0.5.0",
        "zod"
      ]
    },
    "@cbor-extract/cbor-extract-darwin-arm64@2.2.0": {
      "integrity": "sha512-P7swiOAdF7aSi0H+tHtHtr6zrpF3aAq/W9FXx5HektRvLTM2O89xCyXF3pk7pLc7QpaY7AoaE8UowVf9QBdh3w==",
      "os": ["darwin"],
      "cpu": ["arm64"]
    },
    "@cbor-extract/cbor-extract-darwin-x64@2.2.0": {
      "integrity": "sha512-1liF6fgowph0JxBbYnAS7ZlqNYLf000Qnj4KjqPNW4GViKrEql2MgZnAsExhY9LSy8dnvA4C0qHEBgPrll0z0w==",
      "os": ["darwin"],
      "cpu": ["x64"]
    },
    "@cbor-extract/cbor-extract-linux-arm64@2.2.0": {
      "integrity": "sha512-rQvhNmDuhjTVXSPFLolmQ47/ydGOFXtbR7+wgkSY0bdOxCFept1hvg59uiLPT2fVDuJFuEy16EImo5tE2x3RsQ==",
      "os": ["linux"],
      "cpu": ["arm64"]
    },
    "@cbor-extract/cbor-extract-linux-arm@2.2.0": {
      "integrity": "sha512-QeBcBXk964zOytiedMPQNZr7sg0TNavZeuUCD6ON4vEOU/25+pLhNN6EDIKJ9VLTKaZ7K7EaAriyYQ1NQ05s/Q==",
      "os": ["linux"],
      "cpu": ["arm"]
    },
    "@cbor-extract/cbor-extract-linux-x64@2.2.0": {
      "integrity": "sha512-cWLAWtT3kNLHSvP4RKDzSTX9o0wvQEEAj4SKvhWuOVZxiDAeQazr9A+PSiRILK1VYMLeDml89ohxCnUNQNQNCw==",
      "os": ["linux"],
      "cpu": ["x64"]
    },
    "@cbor-extract/cbor-extract-win32-x64@2.2.0": {
      "integrity": "sha512-l2M+Z8DO2vbvADOBNLbbh9y5ST1RY5sqkWOg/58GkUPBYou/cuNZ68SGQ644f1CvZ8kcOxyZtw06+dxWHIoN/w==",
      "os": ["win32"],
      "cpu": ["x64"]
    },
    "@ipld/dag-cbor@9.2.5": {
      "integrity": "sha512-84wSr4jv30biui7endhobYhXBQzQE4c/wdoWlFrKcfiwH+ofaPg8fwsM8okX9cOzkkrsAsNdDyH3ou+kiLquwQ==",
      "dependencies": [
        "cborg",
        "multiformats@13.4.0"
      ]
    },
    "@noble/curves@1.9.7": {
      "integrity": "sha512-gbKGcRUYIjA3/zCCNaWDciTMFI0dCkvou3TL8Zmy5Nc7sJ47a0jtOeZoTaMxkuqRo9cRhjOdZJXegxYE5FN/xw==",
      "dependencies": [
        "@noble/hashes"
      ]
    },
    "@noble/hashes@1.8.0": {
      "integrity": "sha512-jCs9ldd7NwzpgXDIf6P3+NrHh9/sD6CQdxHyjQI+h/6rDNo88ypBxxz45UDuZHz9r3tNz7N/VInSVoVdtXEI4A=="
    },
    "@types/node@24.2.0": {
      "integrity": "sha512-3xyG3pMCq3oYCNg7/ZP+E1ooTaGB4cG8JWRsqqOYQdbWNY4zbaV0Ennrd7stjiJEFZCaybcIgpTjJWHRfBSIDw==",
      "dependencies": [
        "undici-types"
      ]
    },
    "cbor-extract@2.2.0": {
      "integrity": "sha512-Ig1zM66BjLfTXpNgKpvBePq271BPOvu8MR0Jl080yG7Jsl+wAZunfrwiwA+9ruzm/WEdIV5QF/bjDZTqyAIVHA==",
      "dependencies": [
        "node-gyp-build-optional-packages"
      ],
      "optionalDependencies": [
        "@cbor-extract/cbor-extract-darwin-arm64",
        "@cbor-extract/cbor-extract-darwin-x64",
        "@cbor-extract/cbor-extract-linux-arm",
        "@cbor-extract/cbor-extract-linux-arm64",
        "@cbor-extract/cbor-extract-linux-x64",
        "@cbor-extract/cbor-extract-win32-x64"
      ],
      "scripts": true,
      "bin": true
    },
    "cbor-x@1.6.0": {
      "integrity": "sha512-0kareyRwHSkL6ws5VXHEf8uY1liitysCVJjlmhaLG+IXLqhSaOO+t63coaso7yjwEzWZzLy8fJo06gZDVQM9Qg==",
      "optionalDependencies": [
        "cbor-extract"
      ]
    },
    "cborg@4.2.15": {
      "integrity": "sha512-T+YVPemWyXcBVQdp0k61lQp2hJniRNmul0lAwTj2DTS/6dI4eCq/MRMucGqqvFqMBfmnD8tJ9aFtPu5dEGAbgw==",
      "bin": true
    },
    "detect-libc@2.0.4": {
      "integrity": "sha512-3UDv+G9CsCKO1WKMGw9fwq/SWJYbI0c5Y7LU1AXYoDdbhE2AHQ6N6Nb34sG8Fj7T5APy8qXDCKuuIHd1BR0tVA=="
    },
    "graphemer@1.4.0": {
      "integrity": "sha512-EtKwoO6kxCL9WO5xipiHTZlSzBm7WLT627TqC/uVRd0HKmq8NXyebnNYxDoBi7wt8eTWrUrKXCOVaFq9x1kgag=="
    },
    "iso-datestring-validator@2.2.2": {
      "integrity": "sha512-yLEMkBbLZTlVQqOnQ4FiMujR6T4DEcCb1xizmvXS+OxuhwcbtynoosRzdMA69zZCShCNAbi+gJ71FxZBBXx1SA=="
    },
    "jose@6.1.0": {
      "integrity": "sha512-TTQJyoEoKcC1lscpVDCSsVgYzUDg/0Bt3WE//WiTPK6uOCQC2KZS4MpugbMWt/zyjkopgZoXhZuCi00gLudfUA=="
    },
    "multiformats@13.4.0": {
      "integrity": "sha512-Mkb/QcclrJxKC+vrcIFl297h52QcKh2Az/9A5vbWytbQt4225UWWWmIuSsKksdww9NkIeYcA7DkfftyLuC/JSg=="
    },
    "multiformats@9.9.0": {
      "integrity": "sha512-HoMUjhH9T8DDBNT+6xzkrd9ga/XiBI4xLr58LJACwK6G3HTOPeMz4nB4KJs33L2BelrIJa7P0VuNaVF3hMYfjg=="
    },
    "node-gyp-build-optional-packages@5.1.1": {
      "integrity": "sha512-+P72GAjVAbTxjjwUmwjVrqrdZROD4nf8KgpBoDxqXXTiYZZt/ud60dE5yvCSr9lRO8e8yv6kgJIC0K0PfZFVQw==",
      "dependencies": [
        "detect-libc"
      ],
      "bin": true
    },
    "rate-limiter-flexible@2.4.2": {
      "integrity": "sha512-rMATGGOdO1suFyf/mI5LYhts71g1sbdhmd6YvdiXO2gJnd42Tt6QS4JUKJKSWVVkMtBacm6l40FR7Trjo6Iruw=="
    },
    "uint8arrays@3.0.0": {
      "integrity": "sha512-HRCx0q6O9Bfbp+HHSfQQKD7wU70+lydKVt4EghkdOvlK/NlrF90z+eXV34mUd48rNvVJXwkrMSPpCATkct8fJA==",
      "dependencies": [
        "multiformats@9.9.0"
      ]
    },
    "undici-types@7.10.0": {
      "integrity": "sha512-t5Fy/nfn+14LuOc2KNYg75vZqClpAiqscVvMygNnlsHBFpSXdJaYtXMcdNLpl/Qvc3P2cB3s6lOV51nqsFq4ag=="
    },
    "ws@8.18.3": {
      "integrity": "sha512-PEIGCY5tSlUt50cqyMXfCzX+oOPqN0vuGqWzbcJ2xvnkzkq46oOpz7dQaTDBdfICb4N14+GARUDw2XV2N4tvzg=="
    },
    "zod@3.25.76": {
      "integrity": "sha512-gzUt/qt81nXsFGKIFcC3YnfEAx5NkunCfnDlvuBSSFS02bcXu4Lmea0AFIUwbLWxWPx3d9p8S5QoaujKcNQxcQ=="
    }
  },
  "workspace": {
    "members": {
      "common": {
        "dependencies": [
          "jsr:@logtape/file@^1.0.4",
          "jsr:@logtape/logtape@^1.0.4",
          "jsr:@std/cbor@~0.1.8",
          "jsr:@std/encoding@^1.0.10",
          "jsr:@std/fs@^1.0.19",
          "jsr:@std/streams@^1.0.12",
          "jsr:@zod/zod@^4.1.5",
          "npm:@ipld/dag-cbor@^9.2.5",
          "npm:multiformats@^13.4.0"
        ]
      },
      "lex-cli": {
        "dependencies": [
          "jsr:@cliffy/ansi@^1.0.0-rc.8",
          "jsr:@cliffy/command@^1.0.0-rc.8",
          "jsr:@std/fs@^1.0.19",
          "jsr:@std/path@^1.1.2",
          "jsr:@ts-morph/ts-morph@26",
          "jsr:@zod/zod@^4.1.5",
          "npm:@atproto/lexicon@~0.4.14",
          "npm:@atproto/syntax@~0.4.1"
        ]
      },
      "xrpc-server": {
        "dependencies": [
          "jsr:@hono/hono@^4.7.10",
          "jsr:@std/assert@^1.0.14",
          "jsr:@std/encoding@^1.0.10",
          "jsr:@zod/zod@^4.0.17",
          "npm:@atproto/crypto@~0.4.4",
          "npm:@atproto/lexicon@~0.4.11",
          "npm:@atproto/xrpc@0.7",
          "npm:multiformats@^13.3.6",
          "npm:rate-limiter-flexible@^2.4.1",
          "npm:uint8arrays@3.0.0",
          "npm:ws@^8.12.0"
        ]
      }
    }
  }
}
