{
  "version": "5",
  "specifiers": {
    "jsr:@cliffy/ansi@^1.0.0-rc.8": "1.0.0-rc.8",
    "jsr:@cliffy/command@^1.0.0-rc.8": "1.0.0-rc.8",
    "jsr:@cliffy/flags@1.0.0-rc.8": "1.0.0-rc.8",
    "jsr:@cliffy/internal@1.0.0-rc.8": "1.0.0-rc.8",
    "jsr:@cliffy/table@1.0.0-rc.8": "1.0.0-rc.8",
    "jsr:@david/code-block-writer@13": "13.0.3",
    "jsr:@hono/hono@^4.9.8": "4.9.8",
    "jsr:@logtape/file@^1.2.0-dev.344+834f24a9": "1.2.0-dev.344+834f24a9",
    "jsr:@logtape/logtape@^1.2.0-dev.344+834f24a9": "1.2.0-dev.344+834f24a9",
    "jsr:@noble/curves@^2.0.1": "2.0.1",
    "jsr:@noble/hashes@2": "2.0.1",
    "jsr:@noble/hashes@^2.0.1": "2.0.1",
    "jsr:@std/assert@*": "1.0.14",
    "jsr:@std/assert@^1.0.14": "1.0.14",
    "jsr:@std/bytes@^1.0.5": "1.0.6",
    "jsr:@std/bytes@^1.0.6": "1.0.6",
    "jsr:@std/cbor@~0.1.8": "0.1.8",
    "jsr:@std/crypto@*": "1.0.5",
    "jsr:@std/crypto@^1.0.5": "1.0.5",
    "jsr:@std/encoding@^1.0.10": "1.0.10",
    "jsr:@std/encoding@~1.0.5": "1.0.10",
    "jsr:@std/fmt@~1.0.2": "1.0.8",
    "jsr:@std/fs@1": "1.0.19",
    "jsr:@std/fs@^1.0.19": "1.0.19",
    "jsr:@std/internal@^1.0.10": "1.0.10",
    "jsr:@std/internal@^1.0.9": "1.0.10",
    "jsr:@std/io@~0.224.9": "0.224.9",
    "jsr:@std/io@~0.225.2": "0.225.2",
    "jsr:@std/path@1": "1.1.2",
    "jsr:@std/path@^1.1.1": "1.1.2",
    "jsr:@std/path@^1.1.2": "1.1.2",
    "jsr:@std/streams@^1.0.12": "1.0.12",
    "jsr:@std/streams@^1.0.9": "1.0.12",
    "jsr:@std/text@~1.0.7": "1.0.16",
    "jsr:@ts-morph/common@0.27": "0.27.0",
    "jsr:@ts-morph/ts-morph@26": "26.0.0",
    "jsr:@zod/zod@^4.1.11": "4.1.11",
    "npm:@ipld/dag-cbor@^9.2.5": "9.2.5",
    "npm:@types/node@*": "24.2.0",
    "npm:cbor-x@*": "1.6.0",
    "npm:get-port@^7.1.0": "7.1.0",
    "npm:http-errors@2": "2.0.0",
    "npm:key-encoder@^2.0.3": "2.0.3",
    "npm:multiformats@^13.4.1": "13.4.1",
    "npm:prettier@^3.6.2": "3.6.2",
    "npm:rate-limiter-flexible@^2.4.2": "2.4.2",
    "npm:ws@^8.18.3": "8.18.3",
    "npm:zod@^4.1.11": "4.1.11"
  },
  "jsr": {
    "@cliffy/ansi@1.0.0-rc.8": {
      "integrity": "ba37f10ce55bbfbdd8ddd987f91f029b17bce88385b98ba3058870f3b007b80c",
      "dependencies": [
        "jsr:@cliffy/internal",
        "jsr:@std/encoding@~1.0.5",
        "jsr:@std/fmt",
        "jsr:@std/io@~0.224.9"
      ]
    },
    "@cliffy/command@1.0.0-rc.8": {
      "integrity": "758147790797c74a707e5294cc7285df665422a13d2a483437092ffce40b5557",
      "dependencies": [
        "jsr:@cliffy/flags",
        "jsr:@cliffy/internal",
        "jsr:@cliffy/table",
        "jsr:@std/fmt",
        "jsr:@std/text"
      ]
    },
    "@cliffy/flags@1.0.0-rc.8": {
      "integrity": "0f1043ce6ef037ba1cb5fe6b1bcecb25dc2f29371a1c17f278ab0f45e4b6f46c",
      "dependencies": [
        "jsr:@std/text"
      ]
    },
    "@cliffy/internal@1.0.0-rc.8": {
      "integrity": "34cdf2fad9b084b5aed493b138d573f52d4e988767215f7460daf0b918ff43d8"
    },
    "@cliffy/table@1.0.0-rc.8": {
      "integrity": "8bbcdc2ba5e0061b4b13810a24e6f5c6ab19c09f0cce9eb691ccd76c7c6c9db5",
      "dependencies": [
        "jsr:@std/fmt"
      ]
    },
    "@david/code-block-writer@13.0.3": {
      "integrity": "f98c77d320f5957899a61bfb7a9bead7c6d83ad1515daee92dbacc861e13bb7f"
    },
    "@hono/hono@4.9.8": {
      "integrity": "908150f13e90181a051a3af3bf15203aff00190682afedfd38824d0cb9299a95"
    },
    "@logtape/file@1.2.0-dev.344+834f24a9": {
      "integrity": "4d674c368f8130dc1403c5c93a316726a65d6b17e36b094780f1b2ed301f5e1b",
      "dependencies": [
        "jsr:@logtape/logtape"
      ]
    },
    "@logtape/logtape@1.2.0-dev.344+834f24a9": {
      "integrity": "204222be0f94cd1b64a500e2dcdea22a1618a086fc531b054351e3cfa079c435"
    },
    "@noble/curves@2.0.1": {
      "integrity": "21ef41d207a203f60ba37a4fdcbc4f4a545b10c5dab7f293889f18292f81ab23",
      "dependencies": [
        "jsr:@noble/hashes@2"
      ]
    },
    "@noble/hashes@2.0.1": {
      "integrity": "e0e908292a0bf91099cf8ba0720a1647cef82ab38b588815b5e9535b4ff4d7bb"
    },
    "@std/assert@1.0.14": {
      "integrity": "68d0d4a43b365abc927f45a9b85c639ea18a9fab96ad92281e493e4ed84abaa4",
      "dependencies": [
        "jsr:@std/internal@^1.0.10"
      ]
    },
    "@std/bytes@1.0.6": {
      "integrity": "f6ac6adbd8ccd99314045f5703e23af0a68d7f7e58364b47d2c7f408aeb5820a"
    },
    "@std/cbor@0.1.8": {
      "integrity": "a0d1c520f8963358cc96defd8cbd1f9e81e40adc2bbfb301f122150f2024d93e",
      "dependencies": [
        "jsr:@std/bytes@^1.0.5",
        "jsr:@std/streams@^1.0.9"
      ]
    },
    "@std/crypto@1.0.5": {
      "integrity": "0dcfbb319fe0bba1bd3af904ceb4f948cde1b92979ec1614528380ed308a3b40"
    },
    "@std/encoding@1.0.10": {
      "integrity": "8783c6384a2d13abd5e9e87a7ae0520a30e9f56aeeaa3bdf910a3eaaf5c811a1"
    },
    "@std/fmt@1.0.8": {
      "integrity": "71e1fc498787e4434d213647a6e43e794af4fd393ef8f52062246e06f7e372b7"
    },
    "@std/fs@1.0.19": {
      "integrity": "051968c2b1eae4d2ea9f79a08a3845740ef6af10356aff43d3e2ef11ed09fb06",
      "dependencies": [
        "jsr:@std/internal@^1.0.9",
        "jsr:@std/path@^1.1.1"
      ]
    },
    "@std/internal@1.0.10": {
      "integrity": "e3be62ce42cab0e177c27698e5d9800122f67b766a0bea6ca4867886cbde8cf7"
    },
    "@std/io@0.224.9": {
      "integrity": "4414664b6926f665102e73c969cfda06d2c4c59bd5d0c603fd4f1b1c840d6ee3"
    },
    "@std/io@0.225.2": {
      "integrity": "3c740cd4ee4c082e6cfc86458f47e2ab7cb353dc6234d5e9b1f91a2de5f4d6c7",
      "dependencies": [
        "jsr:@std/bytes@^1.0.5"
      ]
    },
    "@std/path@1.1.2": {
      "integrity": "c0b13b97dfe06546d5e16bf3966b1cadf92e1cc83e56ba5476ad8b498d9e3038",
      "dependencies": [
        "jsr:@std/internal@^1.0.10"
      ]
    },
    "@std/streams@1.0.10": {
      "integrity": "75c0b1431873cd0d8b3d679015220204d36d3c7420d93b60acfc379eb0dc30af"
    },
    "@std/streams@1.0.12": {
      "integrity": "ae925fa1dc459b1abf5cbaa28cc5c7b0485853af3b2a384b0dc22d86e59dfbf4",
      "dependencies": [
        "jsr:@std/bytes@^1.0.6"
      ]
    },
    "@std/text@1.0.16": {
      "integrity": "ddb9853b75119a2473857d691cf1ec02ad90793a2e8b4a4ac49d7354281a0cf8"
    },
    "@ts-morph/common@0.27.0": {
      "integrity": "c7b73592d78ce8479b356fd4f3d6ec3c460d77753a8680ff196effea7a939052",
      "dependencies": [
        "jsr:@std/fs@1",
        "jsr:@std/path@1"
      ]
    },
    "@ts-morph/ts-morph@26.0.0": {
      "integrity": "f2b1ca67b4d1a6332d00c00dd48496b20879c899a702c1b92bcce1c552a168df",
      "dependencies": [
        "jsr:@david/code-block-writer",
        "jsr:@ts-morph/common"
      ]
    },
    "@zod/zod@4.1.5": {
      "integrity": "e995ca7d588a835ce333de626c940e242c55b6763c5190e8cbb9fefb7d0fb4ef"
    },
    "@zod/zod@4.1.11": {
      "integrity": "0d48947455491addca672d8ef766d86bc7bc3add07e78d049b8ffd643bb33a7a"
    }
  },
  "npm": {
    "@cbor-extract/cbor-extract-darwin-arm64@2.2.0": {
      "integrity": "sha512-P7swiOAdF7aSi0H+tHtHtr6zrpF3aAq/W9FXx5HektRvLTM2O89xCyXF3pk7pLc7QpaY7AoaE8UowVf9QBdh3w==",
      "os": ["darwin"],
      "cpu": ["arm64"]
    },
    "@cbor-extract/cbor-extract-darwin-x64@2.2.0": {
      "integrity": "sha512-1liF6fgowph0JxBbYnAS7ZlqNYLf000Qnj4KjqPNW4GViKrEql2MgZnAsExhY9LSy8dnvA4C0qHEBgPrll0z0w==",
      "os": ["darwin"],
      "cpu": ["x64"]
    },
    "@cbor-extract/cbor-extract-linux-arm64@2.2.0": {
      "integrity": "sha512-rQvhNmDuhjTVXSPFLolmQ47/ydGOFXtbR7+wgkSY0bdOxCFept1hvg59uiLPT2fVDuJFuEy16EImo5tE2x3RsQ==",
      "os": ["linux"],
      "cpu": ["arm64"]
    },
    "@cbor-extract/cbor-extract-linux-arm@2.2.0": {
      "integrity": "sha512-QeBcBXk964zOytiedMPQNZr7sg0TNavZeuUCD6ON4vEOU/25+pLhNN6EDIKJ9VLTKaZ7K7EaAriyYQ1NQ05s/Q==",
      "os": ["linux"],
      "cpu": ["arm"]
    },
    "@cbor-extract/cbor-extract-linux-x64@2.2.0": {
      "integrity": "sha512-cWLAWtT3kNLHSvP4RKDzSTX9o0wvQEEAj4SKvhWuOVZxiDAeQazr9A+PSiRILK1VYMLeDml89ohxCnUNQNQNCw==",
      "os": ["linux"],
      "cpu": ["x64"]
    },
    "@cbor-extract/cbor-extract-win32-x64@2.2.0": {
      "integrity": "sha512-l2M+Z8DO2vbvADOBNLbbh9y5ST1RY5sqkWOg/58GkUPBYou/cuNZ68SGQ644f1CvZ8kcOxyZtw06+dxWHIoN/w==",
      "os": ["win32"],
      "cpu": ["x64"]
    },
    "@ipld/dag-cbor@9.2.5": {
      "integrity": "sha512-84wSr4jv30biui7endhobYhXBQzQE4c/wdoWlFrKcfiwH+ofaPg8fwsM8okX9cOzkkrsAsNdDyH3ou+kiLquwQ==",
      "dependencies": [
        "cborg",
        "multiformats"
      ]
    },
    "@types/bn.js@5.2.0": {
      "integrity": "sha512-DLbJ1BPqxvQhIGbeu8VbUC1DiAiahHtAYvA0ZEAa4P31F7IaArc8z3C3BRQdWX4mtLQuABG4yzp76ZrS02Ui1Q==",
      "dependencies": [
        "@types/node"
      ]
    },
    "@types/elliptic@6.4.18": {
      "integrity": "sha512-UseG6H5vjRiNpQvrhy4VF/JXdA3V/Fp5amvveaL+fs28BZ6xIKJBPnUPRlEaZpysD9MbpfaLi8lbl7PGUAkpWw==",
      "dependencies": [
        "@types/bn.js"
      ]
    },
    "@types/node@24.2.0": {
      "integrity": "sha512-3xyG3pMCq3oYCNg7/ZP+E1ooTaGB4cG8JWRsqqOYQdbWNY4zbaV0Ennrd7stjiJEFZCaybcIgpTjJWHRfBSIDw==",
      "dependencies": [
        "undici-types"
      ]
    },
    "asn1.js@5.4.1": {
      "integrity": "sha512-+I//4cYPccV8LdmBLiX8CYvf9Sp3vQsrqu2QNXRcrbiWvcx/UdlFiqUJJzxRQxgsZmvhXhn4cSKeSmoFjVdupA==",
      "dependencies": [
        "bn.js",
        "inherits",
        "minimalistic-assert",
        "safer-buffer"
      ]
    },
    "bn.js@4.12.2": {
      "integrity": "sha512-n4DSx829VRTRByMRGdjQ9iqsN0Bh4OolPsFnaZBLcbi8iXcB+kJ9s7EnRt4wILZNV3kPLHkRVfOc/HvhC3ovDw=="
    },
    "brorand@1.1.0": {
      "integrity": "sha512-cKV8tMCEpQs4hK/ik71d6LrPOnpkpGBR0wzxqr68g2m/LB2GxVYQroAjMJZRVM1Y4BCjCKc3vAamxSzOY2RP+w=="
    },
    "cbor-extract@2.2.0": {
      "integrity": "sha512-Ig1zM66BjLfTXpNgKpvBePq271BPOvu8MR0Jl080yG7Jsl+wAZunfrwiwA+9ruzm/WEdIV5QF/bjDZTqyAIVHA==",
      "dependencies": [
        "node-gyp-build-optional-packages"
      ],
      "optionalDependencies": [
        "@cbor-extract/cbor-extract-darwin-arm64",
        "@cbor-extract/cbor-extract-darwin-x64",
        "@cbor-extract/cbor-extract-linux-arm",
        "@cbor-extract/cbor-extract-linux-arm64",
        "@cbor-extract/cbor-extract-linux-x64",
        "@cbor-extract/cbor-extract-win32-x64"
      ],
      "scripts": true,
      "bin": true
    },
    "cbor-x@1.6.0": {
      "integrity": "sha512-0kareyRwHSkL6ws5VXHEf8uY1liitysCVJjlmhaLG+IXLqhSaOO+t63coaso7yjwEzWZzLy8fJo06gZDVQM9Qg==",
      "optionalDependencies": [
        "cbor-extract"
      ]
    },
    "cborg@4.2.15": {
      "integrity": "sha512-T+YVPemWyXcBVQdp0k61lQp2hJniRNmul0lAwTj2DTS/6dI4eCq/MRMucGqqvFqMBfmnD8tJ9aFtPu5dEGAbgw==",
      "bin": true
    },
    "depd@2.0.0": {
      "integrity": "sha512-g7nH6P6dyDioJogAAGprGpCtVImJhpPk/roCzdb3fIh61/s/nPsfR6onyMwkCAR/OlC3yBC0lESvUoQEAssIrw=="
    },
    "detect-libc@2.0.4": {
      "integrity": "sha512-3UDv+G9CsCKO1WKMGw9fwq/SWJYbI0c5Y7LU1AXYoDdbhE2AHQ6N6Nb34sG8Fj7T5APy8qXDCKuuIHd1BR0tVA=="
    },
    "elliptic@6.6.1": {
      "integrity": "sha512-RaddvvMatK2LJHqFJ+YA4WysVN5Ita9E35botqIYspQ4TkRAlCicdzKOjlyv/1Za5RyTNn7di//eEV0uTAfe3g==",
      "dependencies": [
        "bn.js",
        "brorand",
        "hash.js",
        "hmac-drbg",
        "inherits",
        "minimalistic-assert",
        "minimalistic-crypto-utils"
      ]
    },
    "get-port@7.1.0": {
      "integrity": "sha512-QB9NKEeDg3xxVwCCwJQ9+xycaz6pBB6iQ76wiWMl1927n0Kir6alPiP+yuiICLLU4jpMe08dXfpebuQppFA2zw=="
    },
    "hash.js@1.1.7": {
      "integrity": "sha512-taOaskGt4z4SOANNseOviYDvjEJinIkRgmp7LbKP2YTTmVxWBl87s/uzK9r+44BclBSp2X7K1hqeNfz9JbBeXA==",
      "dependencies": [
        "inherits",
        "minimalistic-assert"
      ]
    },
    "hmac-drbg@1.0.1": {
      "integrity": "sha512-Tti3gMqLdZfhOQY1Mzf/AanLiqh1WTiJgEj26ZuYQ9fbkLomzGchCws4FyrSd4VkpBfiNhaE1On+lOz894jvXg==",
      "dependencies": [
        "hash.js",
        "minimalistic-assert",
        "minimalistic-crypto-utils"
      ]
    },
    "http-errors@2.0.0": {
      "integrity": "sha512-FtwrG/euBzaEjYeRqOgly7G0qviiXoJWnvEH2Z1plBdXgbyjv34pHTSb9zoeHMyDy33+DWy5Wt9Wo+TURtOYSQ==",
      "dependencies": [
        "depd",
        "inherits",
        "setprototypeof",
        "statuses",
        "toidentifier"
      ]
    },
    "inherits@2.0.4": {
      "integrity": "sha512-k/vGaX4/Yla3WzyMCvTQOXYeIHvqOKtnqBduzTHpzpQZzAskKMhZ2K+EnBiSM9zGSoIFeMpXKxa4dYeZIQqewQ=="
    },
    "key-encoder@2.0.3": {
      "integrity": "sha512-fgBtpAGIr/Fy5/+ZLQZIPPhsZEcbSlYu/Wu96tNDFNSjSACw5lEIOFeaVdQ/iwrb8oxjlWi6wmWdH76hV6GZjg==",
      "dependencies": [
        "@types/elliptic",
        "asn1.js",
        "bn.js",
        "elliptic"
      ]
    },
    "minimalistic-assert@1.0.1": {
      "integrity": "sha512-UtJcAD4yEaGtjPezWuO9wC4nwUnVH/8/Im3yEHQP4b67cXlD/Qr9hdITCU1xDbSEXg2XKNaP8jsReV7vQd00/A=="
    },
    "minimalistic-crypto-utils@1.0.1": {
      "integrity": "sha512-JIYlbt6g8i5jKfJ3xz7rF0LXmv2TkDxBLUkiBeZ7bAx4GnnNMr8xFpGnOxn6GhTEHx3SjRrZEoU+j04prX1ktg=="
    },
    "multiformats@13.4.1": {
      "integrity": "sha512-VqO6OSvLrFVAYYjgsr8tyv62/rCQhPgsZUXLTqoFLSgdkgiUYKYeArbt1uWLlEpkjxQe+P0+sHlbPEte1Bi06Q=="
    },
    "node-gyp-build-optional-packages@5.1.1": {
      "integrity": "sha512-+P72GAjVAbTxjjwUmwjVrqrdZROD4nf8KgpBoDxqXXTiYZZt/ud60dE5yvCSr9lRO8e8yv6kgJIC0K0PfZFVQw==",
      "dependencies": [
        "detect-libc"
      ],
      "bin": true
    },
    "prettier@3.6.2": {
      "integrity": "sha512-I7AIg5boAr5R0FFtJ6rCfD+LFsWHp81dolrFD8S79U9tb8Az2nGrJncnMSnys+bpQJfRUzqs9hnA81OAA3hCuQ==",
      "bin": true
    },
    "rate-limiter-flexible@2.4.2": {
      "integrity": "sha512-rMATGGOdO1suFyf/mI5LYhts71g1sbdhmd6YvdiXO2gJnd42Tt6QS4JUKJKSWVVkMtBacm6l40FR7Trjo6Iruw=="
    },
    "safer-buffer@2.1.2": {
      "integrity": "sha512-YZo3K82SD7Riyi0E1EQPojLz7kpepnSQI9IyPbHHg1XXXevb5dJI7tpyN2ADxGcQbHG7vcyRHk0cbwqcQriUtg=="
    },
    "setprototypeof@1.2.0": {
      "integrity": "sha512-E5LDX7Wrp85Kil5bhZv46j8jOeboKq5JMmYM3gVGdGH8xFpPWXUMsNrlODCrkoxMEeNi/XZIwuRvY4XNwYMJpw=="
    },
    "statuses@2.0.1": {
      "integrity": "sha512-RwNA9Z/7PrK06rYLIzFMlaF+l73iwpzsqRIFgbMLbTcLD6cOao82TaWefPXQvB2fOC4AjuYSEndS7N/mTCbkdQ=="
    },
    "toidentifier@1.0.1": {
      "integrity": "sha512-o5sSPKEkg/DIQNmH43V0/uerLrpzVedkUh8tGNvaeXpfpuwjKenlSox/2O/BTlZUtEe+JG7s5YhEz608PlAHRA=="
    },
    "undici-types@7.10.0": {
      "integrity": "sha512-t5Fy/nfn+14LuOc2KNYg75vZqClpAiqscVvMygNnlsHBFpSXdJaYtXMcdNLpl/Qvc3P2cB3s6lOV51nqsFq4ag=="
    },
    "ws@8.18.3": {
      "integrity": "sha512-PEIGCY5tSlUt50cqyMXfCzX+oOPqN0vuGqWzbcJ2xvnkzkq46oOpz7dQaTDBdfICb4N14+GARUDw2XV2N4tvzg=="
    },
    "zod@4.1.11": {
      "integrity": "sha512-WPsqwxITS2tzx1bzhIKsEs19ABD5vmCVa4xBo2tq/SrV4RNZtfws1EnCWQXM6yh8bD08a1idvkB5MZSBiZsjwg=="
    }
  },
  "remote": {
    "https://deno.land/x/deno_fmt@0.1.5/mod.ts": "bb74c57907b77a301cef37236af9de85c2cb0ac75f79a9c60db3208e979f19a8",
    "https://deno.land/x/deno_fmt@0.1.5/src/context.ts": "baf814994ef5696f8ced9b5d0156b81ec75207e41e989c76b84b87dbe50d6e54",
    "https://deno.land/x/deno_fmt@0.1.5/src/dprint.ts": "a5ea7261f77998f0e8d5d9e581c6d15afe86aa9ab32af2dccfe4865b008a2774",
    "https://deno.land/x/deno_fmt@0.1.5/src/fmt.ts": "52941a928918a62c5efe9594b83ed1bf89f324ca132c292695ea17e791315dfa",
    "https://deno.land/x/deno_fmt@0.1.5/src/helpers.ts": "45da2c3cab4faf8f883bce5b9edd83cde5d80f5f75ca42e41195759b98acbcdf",
    "https://deno.land/x/deno_fmt@0.1.5/src/lru.ts": "0a22753be042c5ea63dcf830a04e3481a9cded5b755de7b6146be97a36274ffa",
    "https://deno.land/x/deno_fmt@0.1.5/src/options.ts": "840c13cf1d78255681b91625eb7719b2883f68f4f0f25142f697bf0e57304b02",
    "https://deno.land/x/deno_fmt@0.1.5/src/sha256.ts": "eea8272cd53072763ad5fa8e632a572676cde41e027485116a8f84a49a669bf8"
  },
  "workspace": {
    "members": {
      "bytes": {
        "dependencies": [
          "jsr:@std/assert@^1.0.14",
          "npm:multiformats@^13.4.1"
        ]
      },
      "common": {
        "dependencies": [
          "jsr:@logtape/file@^1.2.0-dev.344+834f24a9",
          "jsr:@logtape/logtape@^1.2.0-dev.344+834f24a9",
          "jsr:@std/assert@^1.0.14",
          "jsr:@std/cbor@~0.1.8",
          "jsr:@std/crypto@^1.0.5",
          "jsr:@std/encoding@^1.0.10",
          "jsr:@std/fs@^1.0.19",
          "jsr:@std/io@~0.225.2",
          "jsr:@std/streams@^1.0.12",
          "jsr:@zod/zod@^4.1.11",
          "npm:@ipld/dag-cbor@^9.2.5",
          "npm:multiformats@^13.4.1"
        ]
      },
      "crypto": {
        "dependencies": [
          "jsr:@noble/curves@^2.0.1",
          "jsr:@noble/hashes@^2.0.1",
          "jsr:@std/assert@^1.0.14",
          "npm:multiformats@^13.4.1"
        ]
      },
      "lex-cli": {
        "dependencies": [
          "jsr:@cliffy/ansi@^1.0.0-rc.8",
          "jsr:@cliffy/command@^1.0.0-rc.8",
          "jsr:@std/fs@^1.0.19",
          "jsr:@std/path@^1.1.2",
          "jsr:@ts-morph/ts-morph@26",
          "jsr:@zod/zod@^4.1.11",
          "npm:prettier@^3.6.2"
        ]
      },
      "lexicon": {
        "dependencies": [
          "jsr:@std/assert@^1.0.14",
          "npm:multiformats@^13.4.1",
          "npm:zod@^4.1.11"
        ]
      },
      "syntax": {
        "dependencies": [
          "jsr:@std/assert@^1.0.14"
        ]
      },
      "xrpc": {
        "dependencies": [
          "jsr:@zod/zod@^4.1.11"
        ]
      },
      "xrpc-server": {
        "dependencies": [
          "jsr:@hono/hono@^4.9.8",
          "jsr:@std/assert@^1.0.14",
          "jsr:@std/cbor@~0.1.8",
          "jsr:@std/encoding@^1.0.10",
          "jsr:@zod/zod@^4.1.11",
          "npm:get-port@^7.1.0",
          "npm:http-errors@2",
          "npm:key-encoder@^2.0.3",
          "npm:multiformats@^13.4.1",
          "npm:rate-limiter-flexible@^2.4.2",
          "npm:ws@^8.18.3"
        ]
      }
    }
  }
}
